
Microsoft Visual Studio Solution File, Format Version 12.00
Project("{FAE04EC0-301F-11D3-BF4B-00C04F79EFBC}") = "ShakesClient", "ShakesClient\ShakesClient.csproj", "{283F04AE-D5A2-4C9E-9CE4-4A53A9E503B8}"
EndProject
Project("{FAE04EC0-301F-11D3-BF4B-00C04F79EFBC}") = "ShakesRemoteClient", "ShakesRemoteClient\ShakesRemoteClient.csproj", "{D99E6719-3808-48D8-AAF0-2F5072E450C8}"
EndProject
Global
	GlobalSection(SolutionConfigurationPlatforms) = preSolution
		Debug|Any CPU = Debug|Any CPU
		Release|Any CPU = Release|Any CPU
	EndGlobalSection
	GlobalSection(ProjectConfigurationPlatforms) = postSolution
		{283F04AE-D5A2-4C9E-9CE4-4A53A9E503B8}.Debug|Any CPU.ActiveCfg = Debug|Any CPU
		{283F04AE-D5A2-4C9E-9CE4-4A53A9E503B8}.Debug|Any CPU.Build.0 = Debug|Any CPU
		{283F04AE-D5A2-4C9E-9CE4-4A53A9E503B8}.Release|Any CPU.ActiveCfg = Release|Any CPU
		{283F04AE-D5A2-4C9E-9CE4-4A53A9E503B8}.Release|Any CPU.Build.0 = Release|Any CPU
		{D99E6719-3808-48D8-AAF0-2F5072E450C8}.Debug|Any CPU.ActiveCfg = Debug|Any CPU
		{D99E6719-3808-48D8-AAF0-2F5072E450C8}.Debug|Any CPU.Build.0 = Debug|Any CPU
		{D99E6719-3808-48D8-AAF0-2F5072E450C8}.Release|Any CPU.ActiveCfg = Release|Any CPU
		{D99E6719-3808-48D8-AAF0-2F5072E450C8}.Release|Any CPU.Build.0 = Release|Any CPU
	EndGlobalSection
EndGlobal
